
Microsoft Visual Studio Solution File, Format Version 12.00
# Visual Studio Version 16
VisualStudioVersion = 16.0.29709.97
MinimumVisualStudioVersion = 10.0.40219.1
Project("{FAE04EC0-301F-11D3-BF4B-00C04F79EFBC}") = "OOP3Durak", "OOP3Durak.csproj", "{E2A22A0A-6764-4518-B934-3789FE31F049}"
EndProject
Project("{FAE04EC0-301F-11D3-BF4B-00C04F79EFBC}") = "CardLib", "..\CardLib\CardLib.csproj", "{9A9273E6-B58A-43FD-84B4-2ABA4E50D880}"
EndProject
Global
	GlobalSection(SolutionConfigurationPlatforms) = preSolution
		Debug|Any CPU = Debug|Any CPU
		Release|Any CPU = Release|Any CPU
	EndGlobalSection
	GlobalSection(ProjectConfigurationPlatforms) = postSolution
		{E2A22A0A-6764-4518-B934-3789FE31F049}.Debug|Any CPU.ActiveCfg = Debug|Any CPU
		{E2A22A0A-6764-4518-B934-3789FE31F049}.Debug|Any CPU.Build.0 = Debug|Any CPU
		{E2A22A0A-6764-4518-B934-3789FE31F049}.Release|Any CPU.ActiveCfg = Release|Any CPU
		{E2A22A0A-6764-4518-B934-3789FE31F049}.Release|Any CPU.Build.0 = Release|Any CPU
		{9A9273E6-B58A-43FD-84B4-2ABA4E50D880}.Debug|Any CPU.ActiveCfg = Debug|Any CPU
		{9A9273E6-B58A-43FD-84B4-2ABA4E50D880}.Debug|Any CPU.Build.0 = Debug|Any CPU
		{9A9273E6-B58A-43FD-84B4-2ABA4E50D880}.Release|Any CPU.ActiveCfg = Release|Any CPU
		{9A9273E6-B58A-43FD-84B4-2ABA4E50D880}.Release|Any CPU.Build.0 = Release|Any CPU
	EndGlobalSection
	GlobalSection(SolutionProperties) = preSolution
		HideSolutionNode = FALSE
	EndGlobalSection
	GlobalSection(ExtensibilityGlobals) = postSolution
		SolutionGuid = {DBF09DA8-A8EB-4D49-8A33-77BCED0C9F63}
	EndGlobalSection
EndGlobal
